
Microsoft Visual Studio Solution File, Format Version 12.00
# Visual Studio 14
VisualStudioVersion = 14.0.25123.0
MinimumVisualStudioVersion = 10.0.40219.1
Project("{A61E72CE-0181-48E6-8E0C-18C893AFB20F}") = "Sitecore.Support.169513", "Sitecore.Support.169513\Sitecore.Support.169513.csproj", "{04F05165-5F0E-43F7-92B4-F24531A5BD9D}"
EndProject
Global
	GlobalSection(SolutionConfigurationPlatforms) = preSolution
		Debug|Any CPU = Debug|Any CPU
		Release|Any CPU = Release|Any CPU
	EndGlobalSection
	GlobalSection(ProjectConfigurationPlatforms) = postSolution
		{04F05165-5F0E-43F7-92B4-F24531A5BD9D}.Debug|Any CPU.ActiveCfg = Debug|Any CPU
		{04F05165-5F0E-43F7-92B4-F24531A5BD9D}.Debug|Any CPU.Build.0 = Debug|Any CPU
		{04F05165-5F0E-43F7-92B4-F24531A5BD9D}.Release|Any CPU.ActiveCfg = Release|Any CPU
		{04F05165-5F0E-43F7-92B4-F24531A5BD9D}.Release|Any CPU.Build.0 = Release|Any CPU
	EndGlobalSection
	GlobalSection(SolutionProperties) = preSolution
		HideSolutionNode = FALSE
	EndGlobalSection
EndGlobal
